{
  "version": "5",
  "specifiers": {
    "npm:@openrouter/ai-sdk-provider@2.0.0": "2.0.0_ai@6.0.3__zod@4.3.6_zod@4.3.6",
    "npm:@supabase/server@*": "1.4.0_@supabase+supabase-js@2.97.0",
    "npm:@supabase/server@1.4.0": "1.4.0_@supabase+supabase-js@2.97.0",
    "npm:@supabase/supabase-js@2.97.0": "2.97.0",
    "npm:ai@6.0.3": "6.0.3_zod@4.3.6"
  },
  "npm": {
    "@ai-sdk/gateway@3.0.2_zod@4.3.6": {
      "integrity": "sha512-giJEg9ob45htbu3iautK+2kvplY2JnTj7ir4wZzYSQWvqGatWfBBfDuNCU5wSJt9BCGjymM5ZS9ziD42JGCZBw==",
      "dependencies": [
        "@ai-sdk/provider",
        "@ai-sdk/provider-utils",
        "@vercel/oidc",
        "zod"
      ]
    },
    "@ai-sdk/provider-utils@4.0.1_zod@4.3.6": {
      "integrity": "sha512-de2v8gH9zj47tRI38oSxhQIewmNc+OZjYIOOaMoVWKL65ERSav2PYYZHPSPCrfOeLMkv+Dyh8Y0QGwkO29wMWQ==",
      "dependencies": [
        "@ai-sdk/provider",
        "@standard-schema/spec",
        "eventsource-parser",
        "zod"
      ]
    },
    "@ai-sdk/provider@3.0.0": {
      "integrity": "sha512-m9ka3ptkPQbaHHZHqDXDF9C9B5/Mav0KTdky1k2HZ3/nrW2t1AgObxIVPyGDWQNS9FXT/FS6PIoSjpcP/No8rQ==",
      "dependencies": [
        "json-schema"
      ]
    },
    "@openrouter/ai-sdk-provider@2.0.0_ai@6.0.3__zod@4.3.6_zod@4.3.6": {
      "integrity": "sha512-2SkpzegsxnF5ro7+v9fAY5ph7oxxSCeK2buVkd7Wn4ALMZKTCeibZYP0sgyVqn3dGbZ2rKwSPap4GSjZeJBP5w==",
      "dependencies": [
        "@openrouter/sdk",
        "ai",
        "zod"
      ]
    },
    "@openrouter/sdk@0.1.27": {
      "integrity": "sha512-RH//L10bSmc81q25zAZudiI4kNkLgxF2E+WU42vghp3N6TEvZ6F0jK7uT3tOxkEn91gzmMw9YVmDENy7SJsajQ==",
      "dependencies": [
        "zod"
      ]
    },
    "@opentelemetry/api@1.9.0": {
      "integrity": "sha512-3giAOQvZiH5F9bMlMiv8+GSPMeqg0dbaeo58/0SlA9sxSqZhnUtxzX9/2FzyhS9sWQf5S0GJE0AKBrFqjpeYcg=="
    },
    "@standard-schema/spec@1.1.0": {
      "integrity": "sha512-l2aFy5jALhniG5HgqrD6jXLi/rUWrKvqN/qJx6yoJsgKhblVd+iqqU4RCXavm/jPityDo5TCvKMnpjKnOriy0w=="
    },
    "@supabase/auth-js@2.97.0": {
      "integrity": "sha512-2Og/1lqp+AIavr8qS2X04aSl8RBY06y4LrtIAGxat06XoXYiDxKNQMQzWDAKm1EyZFZVRNH48DO5YvIZ7la5fQ==",
      "dependencies": [
        "tslib"
      ]
    },
    "@supabase/functions-js@2.97.0": {
      "integrity": "sha512-fSaA0ZeBUS9hMgpGZt5shIZvfs3Mvx2ZdajQT4kv/whubqDBAp3GU5W8iIXy21MRvKmO2NpAj8/Q6y+ZkZyF/w==",
      "dependencies": [
        "tslib"
      ]
    },
    "@supabase/postgrest-js@2.97.0": {
      "integrity": "sha512-g4Ps0eaxZZurvfv/KGoo2XPZNpyNtjth9aW8eho9LZWM0bUuBtxPZw3ZQ6ERSpEGogshR+XNgwlSPIwcuHCNww==",
      "dependencies": [
        "tslib"
      ]
    },
    "@supabase/realtime-js@2.97.0": {
      "integrity": "sha512-37Jw0NLaFP0CZd7qCan97D1zWutPrTSpgWxAw6Yok59JZoxp4IIKMrPeftJ3LZHmf+ILQOPy3i0pRDHM9FY36Q==",
      "dependencies": [
        "@types/phoenix",
        "@types/ws",
        "tslib",
        "ws"
      ]
    },
    "@supabase/server@1.4.0_@supabase+supabase-js@2.97.0": {
      "integrity": "sha512-zPCtVEIXSyrzCAegYU/+5UpMoTJz0CogL/xnETX5Sx6HBs2bZot9bQNgHhN1vyGq3su14x3JdAbuOKa/YmdH+w==",
      "dependencies": [
        "@supabase/supabase-js",
        "jose"
      ]
    },
    "@supabase/storage-js@2.97.0": {
      "integrity": "sha512-9f6NniSBfuMxOWKwEFb+RjJzkfMdJUwv9oHuFJKfe/5VJR8cd90qw68m6Hn0ImGtwG37TUO+QHtoOechxRJ1Yg==",
      "dependencies": [
        "iceberg-js",
        "tslib"
      ]
    },
    "@supabase/supabase-js@2.97.0": {
      "integrity": "sha512-kTD91rZNO4LvRUHv4x3/4hNmsEd2ofkYhuba2VMUPRVef1RCmnHtm7rIws38Fg0yQnOSZOplQzafn0GSiy6GVg==",
      "dependencies": [
        "@supabase/auth-js",
        "@supabase/functions-js",
        "@supabase/postgrest-js",
        "@supabase/realtime-js",
        "@supabase/storage-js"
      ]
    },
    "@types/node@26.1.1": {
      "integrity": "sha512-nxAkRSVkN1Y0JC1W8ky/fTfkGsMmcrRsbx+3XoZE+rMOX71kLYTV7fLXpqud1GpbpP5TuffXFqfX7fH2GgZREw==",
      "dependencies": [
        "undici-types"
      ]
    },
    "@types/phoenix@1.6.7": {
      "integrity": "sha512-oN9ive//QSBkf19rfDv45M7eZPi0eEXylht2OLEXicu5b4KoQ1OzXIw+xDSGWxSxe1JmepRR/ZH283vsu518/Q=="
    },
    "@types/ws@8.18.1": {
      "integrity": "sha512-ThVF6DCVhA8kUGy+aazFQ4kXQ7E1Ty7A3ypFOe0IcJV8O/M511G99AW24irKrW56Wt44yG9+ij8FaqoBGkuBXg==",
      "dependencies": [
        "@types/node"
      ]
    },
    "@vercel/oidc@3.0.5": {
      "integrity": "sha512-fnYhv671l+eTTp48gB4zEsTW/YtRgRPnkI2nT7x6qw5rkI1Lq2hTmQIpHPgyThI0znLK+vX2n9XxKdXZ7BUbbw=="
    },
    "ai@6.0.3_zod@4.3.6": {
      "integrity": "sha512-OOo+/C+sEyscoLnbY3w42vjQDICioVNyS+F+ogwq6O5RJL/vgWGuiLzFwuP7oHTeni/MkmX8tIge48GTdaV7QQ==",
      "dependencies": [
        "@ai-sdk/gateway",
        "@ai-sdk/provider",
        "@ai-sdk/provider-utils",
        "@opentelemetry/api",
        "zod"
      ]
    },
    "eventsource-parser@3.0.6": {
      "integrity": "sha512-Vo1ab+QXPzZ4tCa8SwIHJFaSzy4R6SHf7BY79rFBDf0idraZWAkYrDjDj8uWaSm3S2TK+hJ7/t1CEmZ7jXw+pg=="
    },
    "iceberg-js@0.8.1": {
      "integrity": "sha512-1dhVQZXhcHje7798IVM+xoo/1ZdVfzOMIc8/rgVSijRK38EDqOJoGula9N/8ZI5RD8QTxNQtK/Gozpr+qUqRRA=="
    },
    "jose@6.2.4": {
      "integrity": "sha512-N8acGzVsQy6M/fjFcxtysNc4Q379TcM5dM/qKkNtsHFji88yANnXTr7BLeP75iPnFwBfQzM/jg2BZ9+HZrHCZA=="
    },
    "json-schema@0.4.0": {
      "integrity": "sha512-es94M3nTIfsEPisRafak+HDLfHXnKBhV3vU5eqPcS3flIWqcxJWgXHXiey3YrpaNsanY5ei1VoYEbOzijuq9BA=="
    },
    "tslib@2.8.1": {
      "integrity": "sha512-oJFu94HQb+KVduSUQL7wnpmqnfmLsOA/nAh6b6EH0wCEoK0/mPeXU6c3wKDV83MkOuHPRHtSXKKU99IBazS/2w=="
    },
    "undici-types@8.3.0": {
      "integrity": "sha512-j375ScV60dom+YkPFIfTLcOiPxkN/buHz5GobjLhixFuANaNs3C9l4GmrWqejgXWJ7BbJcFYpTEUkS1Ge8bpZQ=="
    },
    "ws@8.21.1": {
      "integrity": "sha512-+0NTnW77fFN/DjQi6k/Sq/Yvk4Sgajw7urW8V+asjXnRgDs9gyGkdb7EzgfhA4goXsRIZKE28fzIXBHEzhuiWw=="
    },
    "zod@4.3.6": {
      "integrity": "sha512-rftlrkhHZOcjDwkGlnUtZZkvaPHCsDATp4pGpuOOMDaTdDDXF91wuVDJoWoPsKX/3YPQ5fHuF3STjcYyKr+Qhg=="
    }
  },
  "workspace": {
    "dependencies": [
      "npm:@openrouter/ai-sdk-provider@2.0.0",
      "npm:@supabase/server@1.4.0",
      "npm:@supabase/supabase-js@2.97.0",
      "npm:ai@6.0.3"
    ]
  }
}
